
Microsoft Visual Studio Solution File, Format Version 12.00
# Visual Studio Version 16
VisualStudioVersion = 16.0.30114.105
MinimumVisualStudioVersion = 10.0.40219.1
Project("{FAE04EC0-301F-11D3-BF4B-00C04F79EFBC}") = "Reme", "Reme\Reme.csproj", "{B2F63697-6DC5-4F50-A98A-C0807136DC6C}"
EndProject
Global
	GlobalSection(SolutionConfigurationPlatforms) = preSolution
		Debug|Any CPU = Debug|Any CPU
		Release|Any CPU = Release|Any CPU
	EndGlobalSection
	GlobalSection(ProjectConfigurationPlatforms) = postSolution
		{B2F63697-6DC5-4F50-A98A-C0807136DC6C}.Debug|Any CPU.ActiveCfg = Debug|Any CPU
		{B2F63697-6DC5-4F50-A98A-C0807136DC6C}.Debug|Any CPU.Build.0 = Debug|Any CPU
		{B2F63697-6DC5-4F50-A98A-C0807136DC6C}.Release|Any CPU.ActiveCfg = Release|Any CPU
		{B2F63697-6DC5-4F50-A98A-C0807136DC6C}.Release|Any CPU.Build.0 = Release|Any CPU
	EndGlobalSection
	GlobalSection(SolutionProperties) = preSolution
		HideSolutionNode = FALSE
	EndGlobalSection
	GlobalSection(ExtensibilityGlobals) = postSolution
		SolutionGuid = {6D17A4AD-25D2-4B8D-85E0-77A4D142ACE0}
	EndGlobalSection
EndGlobal
